schema: '2.0'
stages:
  data_collection:
    cmd: python src/data_collection.py
    deps:
    - path: params.yaml
      hash: md5
      md5: 05c4bfaa8e894831d38af6e79bf0a59d
      size: 663
    - path: src/data_collection.py
      hash: md5
      md5: 3f2086e70bb281b4302a380de0dce58b
      size: 1490
    params:
      params.yaml:
        data.classes:
        - daisy
        - dandelion
        - roses
        data.dataset_url: 
          https://storage.googleapis.com/download.tensorflow.org/example_images/flower_photos.tgz
        data.max_images_per_class: 100
        data.raw_dir: data/raw
    outs:
    - path: data/raw
      hash: md5
      md5: 3d7a289d0b3b53fe1bbf03ced58f29c8.dir
      size: 478314933
      nfiles: 3972
  data_processing:
    cmd: python src/data_processing.py
    deps:
    - path: data/raw
      hash: md5
      md5: 3d7a289d0b3b53fe1bbf03ced58f29c8.dir
      size: 478314933
      nfiles: 3972
    - path: params.yaml
      hash: md5
      md5: 05c4bfaa8e894831d38af6e79bf0a59d
      size: 663
    - path: src/data_processing.py
      hash: md5
      md5: f2edc0bfa36bfe13b55c681e7eddffc8
      size: 1687
    params:
      params.yaml:
        processing.image_size: 64
        processing.validation_split: 0.2
    outs:
    - path: data/processed/X_train.npy
      hash: md5
      md5: 805ea2b2fb8efa63bf54a7693ba237d4
      size: 2949248
    - path: data/processed/X_val.npy
      hash: md5
      md5: 71230d583e5c74033aae8ed7a3bf3417
      size: 737408
    - path: data/processed/y_train.npy
      hash: md5
      md5: 049b477209fcfe9138ef6b03484a9f34
      size: 2048
    - path: data/processed/y_val.npy
      hash: md5
      md5: 831aa0578ab47c2e40b20b7cbe8550e1
      size: 608
  feature_selection:
    cmd: python src/feature_selection.py
    deps:
    - path: data/processed/X_train.npy
      hash: md5
      md5: 805ea2b2fb8efa63bf54a7693ba237d4
      size: 2949248
    - path: data/processed/X_val.npy
      hash: md5
      md5: 71230d583e5c74033aae8ed7a3bf3417
      size: 737408
    - path: params.yaml
      hash: md5
      md5: 05c4bfaa8e894831d38af6e79bf0a59d
      size: 663
    - path: src/feature_selection.py
      hash: md5
      md5: e7358832da066d6feeeac77d64b3714a
      size: 1260
    params:
      params.yaml:
        features.flatten: true
        features.normalize: true
    outs:
    - path: data/processed/X_train_feat.npy
      hash: md5
      md5: 8349299c883c898779db2660a61aa6c0
      size: 23593088
    - path: data/processed/X_val_feat.npy
      hash: md5
      md5: 362f204583b145eff423b5b75065eaeb
      size: 5898368
    - path: data/processed/y_train_feat.npy
      hash: md5
      md5: 049b477209fcfe9138ef6b03484a9f34
      size: 2048
    - path: data/processed/y_val_feat.npy
      hash: md5
      md5: 831aa0578ab47c2e40b20b7cbe8550e1
      size: 608
  model_training:
    cmd: python src/model_training.py
    deps:
    - path: data/processed/X_train_feat.npy
      hash: md5
      md5: 8349299c883c898779db2660a61aa6c0
      size: 23593088
    - path: params.yaml
      hash: md5
      md5: 05c4bfaa8e894831d38af6e79bf0a59d
      size: 663
    - path: src/model_training.py
      hash: md5
      md5: bf95a9c364cbdeeacab48839abf80f92
      size: 1030
    params:
      params.yaml:
        training.max_depth: 10
        training.n_estimators: 100
        training.random_state: 42
    outs:
    - path: data/model/model.pkl
      hash: md5
      md5: cf3972ec2c8eddd667c57dd7a22b7853
      size: 580304
  model_evaluation:
    cmd: python src/model_evaluation.py
    deps:
    - path: data/model/model.pkl
      hash: md5
      md5: cf3972ec2c8eddd667c57dd7a22b7853
      size: 580304
    - path: data/processed/X_val_feat.npy
      hash: md5
      md5: 362f204583b145eff423b5b75065eaeb
      size: 5898368
    - path: params.yaml
      hash: md5
      md5: 05c4bfaa8e894831d38af6e79bf0a59d
      size: 663
    - path: src/model_evaluation.py
      hash: md5
      md5: e056dfcdde1ab9cb168979dada7b8e85
      size: 1650
    outs:
    - path: data/metrics.json
      hash: md5
      md5: 3bda957b62ad809b03dcbcd17ecfe096
      size: 20
    - path: data/plots/confusion_matrix.png
      hash: md5
      md5: 749fca82aaa0f3048ffef865ae0c8c2c
      size: 15060
